
Microsoft Visual Studio Solution File, Format Version 12.00
# Visual Studio Version 16
VisualStudioVersion = 16.0.31129.286
MinimumVisualStudioVersion = 10.0.40219.1
Project("{E53339B2-1760-4266-BCC7-CA923CBCF16C}") = "docker-compose", "docker-compose.dcproj", "{1E6DD62C-1B1B-4514-9A75-46466BBF5F8B}"
EndProject
Project("{2150E333-8FDC-42A3-9474-1A3956D46DE8}") = "src", "src", "{A5BDA52E-2C08-4C5C-99F0-54B0A6A5A073}"
EndProject
Project("{9A19103F-16F7-4668-BE54-9A1E7A4F7556}") = "CapTrans", "src\CapTrans\CapTrans.csproj", "{20AE5FA9-C240-40C1-83A4-6961AD23B7FF}"
EndProject
Global
	GlobalSection(SolutionConfigurationPlatforms) = preSolution
		Debug|Any CPU = Debug|Any CPU
		Release|Any CPU = Release|Any CPU
	EndGlobalSection
	GlobalSection(ProjectConfigurationPlatforms) = postSolution
		{1E6DD62C-1B1B-4514-9A75-46466BBF5F8B}.Debug|Any CPU.ActiveCfg = Debug|Any CPU
		{1E6DD62C-1B1B-4514-9A75-46466BBF5F8B}.Debug|Any CPU.Build.0 = Debug|Any CPU
		{1E6DD62C-1B1B-4514-9A75-46466BBF5F8B}.Release|Any CPU.ActiveCfg = Release|Any CPU
		{1E6DD62C-1B1B-4514-9A75-46466BBF5F8B}.Release|Any CPU.Build.0 = Release|Any CPU
		{20AE5FA9-C240-40C1-83A4-6961AD23B7FF}.Debug|Any CPU.ActiveCfg = Debug|Any CPU
		{20AE5FA9-C240-40C1-83A4-6961AD23B7FF}.Debug|Any CPU.Build.0 = Debug|Any CPU
		{20AE5FA9-C240-40C1-83A4-6961AD23B7FF}.Release|Any CPU.ActiveCfg = Release|Any CPU
		{20AE5FA9-C240-40C1-83A4-6961AD23B7FF}.Release|Any CPU.Build.0 = Release|Any CPU
	EndGlobalSection
	GlobalSection(SolutionProperties) = preSolution
		HideSolutionNode = FALSE
	EndGlobalSection
	GlobalSection(NestedProjects) = preSolution
		{20AE5FA9-C240-40C1-83A4-6961AD23B7FF} = {A5BDA52E-2C08-4C5C-99F0-54B0A6A5A073}
	EndGlobalSection
	GlobalSection(ExtensibilityGlobals) = postSolution
		SolutionGuid = {63C438D2-FF58-458B-BDB7-189F9A15E355}
	EndGlobalSection
EndGlobal
